# This file was autogenerated by Stack.
# You should not edit this file by hand.
# For more information, please see the documentation at:
#   https://docs.haskellstack.org/en/stable/lock_files

packages:
- completed:
    hackage: numbers-3000.2.0.2@sha256:fedb235e16f19ffb5dc40711738c29e231fae4ad608473880a1f59ba5f60829e,1757
    pantry-tree:
      sha256: 8b21054c6431e81d0cb58611caabc07feac8ef40854e5f72b553edddb72cee43
      size: 845
  original:
    hackage: numbers-3000.2.0.2
snapshots:
- completed:
    sha256: a81fb3877c4f9031e1325eb3935122e608d80715dc16b586eb11ddbff8671ecd
    size: 640086
    url: https://raw.githubusercontent.com/commercialhaskell/stackage-snapshots/master/lts/21/25.yaml
  original:
    url: https://raw.githubusercontent.com/commercialhaskell/stackage-snapshots/master/lts/21/25.yaml
